
Microsoft Visual Studio Solution File, Format Version 12.00
# Visual Studio 15
VisualStudioVersion = 15.0.28307.136
MinimumVisualStudioVersion = 10.0.40219.1
Project("{FAE04EC0-301F-11D3-BF4B-00C04F79EFBC}") = "WinformsValidation", "WinformsValidation\WinformsValidation.csproj", "{D6ACB15E-7A29-46A4-B050-BA71A6AB901F}"
EndProject
Global
	GlobalSection(SolutionConfigurationPlatforms) = preSolution
		Debug|Any CPU = Debug|Any CPU
		Release|Any CPU = Release|Any CPU
	EndGlobalSection
	GlobalSection(ProjectConfigurationPlatforms) = postSolution
		{D6ACB15E-7A29-46A4-B050-BA71A6AB901F}.Debug|Any CPU.ActiveCfg = Debug|Any CPU
		{D6ACB15E-7A29-46A4-B050-BA71A6AB901F}.Debug|Any CPU.Build.0 = Debug|Any CPU
		{D6ACB15E-7A29-46A4-B050-BA71A6AB901F}.Release|Any CPU.ActiveCfg = Release|Any CPU
		{D6ACB15E-7A29-46A4-B050-BA71A6AB901F}.Release|Any CPU.Build.0 = Release|Any CPU
	EndGlobalSection
	GlobalSection(SolutionProperties) = preSolution
		HideSolutionNode = FALSE
	EndGlobalSection
	GlobalSection(ExtensibilityGlobals) = postSolution
		SolutionGuid = {99F516F1-24ED-4BC6-A764-6AC56AA4C9F1}
	EndGlobalSection
EndGlobal
